
Microsoft Visual Studio Solution File, Format Version 12.00
# Visual Studio Version 16
VisualStudioVersion = 16.0.29201.188
MinimumVisualStudioVersion = 10.0.40219.1
Project("{FAE04EC0-301F-11D3-BF4B-00C04F79EFBC}") = "CapStoneTrial", "CapStoneTrial\CapStoneTrial.csproj", "{9403284F-5381-47B4-A50D-4AF6AFFC7919}"
EndProject
Global
	GlobalSection(SolutionConfigurationPlatforms) = preSolution
		Debug|Any CPU = Debug|Any CPU
		Release|Any CPU = Release|Any CPU
	EndGlobalSection
	GlobalSection(ProjectConfigurationPlatforms) = postSolution
		{9403284F-5381-47B4-A50D-4AF6AFFC7919}.Debug|Any CPU.ActiveCfg = Debug|Any CPU
		{9403284F-5381-47B4-A50D-4AF6AFFC7919}.Debug|Any CPU.Build.0 = Debug|Any CPU
		{9403284F-5381-47B4-A50D-4AF6AFFC7919}.Release|Any CPU.ActiveCfg = Release|Any CPU
		{9403284F-5381-47B4-A50D-4AF6AFFC7919}.Release|Any CPU.Build.0 = Release|Any CPU
	EndGlobalSection
	GlobalSection(SolutionProperties) = preSolution
		HideSolutionNode = FALSE
	EndGlobalSection
	GlobalSection(ExtensibilityGlobals) = postSolution
		SolutionGuid = {43D99DED-7659-48F6-BFC3-2E1628AC3FD5}
	EndGlobalSection
EndGlobal
