
Microsoft Visual Studio Solution File, Format Version 12.00
# Visual Studio Version 16
VisualStudioVersion = 16.0.29102.190
MinimumVisualStudioVersion = 10.0.40219.1
Project("{FAE04EC0-301F-11D3-BF4B-00C04F79EFBC}") = "ArraysProject", "ArraysProject\ArraysProject.csproj", "{DA45750B-B609-469F-A879-C207B00C9B9E}"
EndProject
Global
	GlobalSection(SolutionConfigurationPlatforms) = preSolution
		Debug|Any CPU = Debug|Any CPU
		Release|Any CPU = Release|Any CPU
	EndGlobalSection
	GlobalSection(ProjectConfigurationPlatforms) = postSolution
		{DA45750B-B609-469F-A879-C207B00C9B9E}.Debug|Any CPU.ActiveCfg = Debug|Any CPU
		{DA45750B-B609-469F-A879-C207B00C9B9E}.Debug|Any CPU.Build.0 = Debug|Any CPU
		{DA45750B-B609-469F-A879-C207B00C9B9E}.Release|Any CPU.ActiveCfg = Release|Any CPU
		{DA45750B-B609-469F-A879-C207B00C9B9E}.Release|Any CPU.Build.0 = Release|Any CPU
	EndGlobalSection
	GlobalSection(SolutionProperties) = preSolution
		HideSolutionNode = FALSE
	EndGlobalSection
	GlobalSection(ExtensibilityGlobals) = postSolution
		SolutionGuid = {57675505-3603-4B02-A58A-42693F99C531}
	EndGlobalSection
EndGlobal
