
Microsoft Visual Studio Solution File, Format Version 12.00
# Visual Studio Version 16
VisualStudioVersion = 16.0.29102.190
MinimumVisualStudioVersion = 10.0.40219.1
Project("{FAE04EC0-301F-11D3-BF4B-00C04F79EFBC}") = "Singlegame", "Singlegame\Singlegame.csproj", "{5FDCF3E5-418E-4A8C-9434-459FA1DA9B09}"
EndProject
Global
	GlobalSection(SolutionConfigurationPlatforms) = preSolution
		Debug|Any CPU = Debug|Any CPU
		Release|Any CPU = Release|Any CPU
	EndGlobalSection
	GlobalSection(ProjectConfigurationPlatforms) = postSolution
		{5FDCF3E5-418E-4A8C-9434-459FA1DA9B09}.Debug|Any CPU.ActiveCfg = Debug|Any CPU
		{5FDCF3E5-418E-4A8C-9434-459FA1DA9B09}.Debug|Any CPU.Build.0 = Debug|Any CPU
		{5FDCF3E5-418E-4A8C-9434-459FA1DA9B09}.Release|Any CPU.ActiveCfg = Release|Any CPU
		{5FDCF3E5-418E-4A8C-9434-459FA1DA9B09}.Release|Any CPU.Build.0 = Release|Any CPU
	EndGlobalSection
	GlobalSection(SolutionProperties) = preSolution
		HideSolutionNode = FALSE
	EndGlobalSection
	GlobalSection(ExtensibilityGlobals) = postSolution
		SolutionGuid = {60B01CAE-FDCF-41C4-949F-2AC7C5258317}
	EndGlobalSection
EndGlobal
