
Microsoft Visual Studio Solution File, Format Version 12.00
# Visual Studio Version 16
VisualStudioVersion = 16.0.29201.188
MinimumVisualStudioVersion = 10.0.40219.1
Project("{FAE04EC0-301F-11D3-BF4B-00C04F79EFBC}") = "tester", "tester\tester.csproj", "{4FCD621D-29D4-4DB9-9A2B-41C62B38D55E}"
EndProject
Global
	GlobalSection(SolutionConfigurationPlatforms) = preSolution
		Debug|Any CPU = Debug|Any CPU
		Release|Any CPU = Release|Any CPU
	EndGlobalSection
	GlobalSection(ProjectConfigurationPlatforms) = postSolution
		{4FCD621D-29D4-4DB9-9A2B-41C62B38D55E}.Debug|Any CPU.ActiveCfg = Debug|Any CPU
		{4FCD621D-29D4-4DB9-9A2B-41C62B38D55E}.Debug|Any CPU.Build.0 = Debug|Any CPU
		{4FCD621D-29D4-4DB9-9A2B-41C62B38D55E}.Release|Any CPU.ActiveCfg = Release|Any CPU
		{4FCD621D-29D4-4DB9-9A2B-41C62B38D55E}.Release|Any CPU.Build.0 = Release|Any CPU
	EndGlobalSection
	GlobalSection(SolutionProperties) = preSolution
		HideSolutionNode = FALSE
	EndGlobalSection
	GlobalSection(ExtensibilityGlobals) = postSolution
		SolutionGuid = {3D95A400-8169-4874-8CB1-926C46CFBB49}
	EndGlobalSection
EndGlobal
